
Microsoft Visual Studio Solution File, Format Version 12.00
# Visual Studio 15
VisualStudioVersion = 15.0.28010.2026
MinimumVisualStudioVersion = 10.0.40219.1
Project("{9A19103F-16F7-4668-BE54-9A1E7A4F7556}") = "MGLib", "MGLib\MGLib.csproj", "{B3EA3105-B786-4C56-BEF8-CAED1302FD33}"
EndProject
Project("{FAE04EC0-301F-11D3-BF4B-00C04F79EFBC}") = "MGLibTest", "MGLibTest\MGLibTest.csproj", "{71544A25-F077-4A26-8701-7CD6F19A287D}"
EndProject
Global
	GlobalSection(SolutionConfigurationPlatforms) = preSolution
		Debug|Any CPU = Debug|Any CPU
		Release|Any CPU = Release|Any CPU
	EndGlobalSection
	GlobalSection(ProjectConfigurationPlatforms) = postSolution
		{B3EA3105-B786-4C56-BEF8-CAED1302FD33}.Debug|Any CPU.ActiveCfg = Debug|Any CPU
		{B3EA3105-B786-4C56-BEF8-CAED1302FD33}.Debug|Any CPU.Build.0 = Debug|Any CPU
		{B3EA3105-B786-4C56-BEF8-CAED1302FD33}.Release|Any CPU.ActiveCfg = Release|Any CPU
		{B3EA3105-B786-4C56-BEF8-CAED1302FD33}.Release|Any CPU.Build.0 = Release|Any CPU
		{71544A25-F077-4A26-8701-7CD6F19A287D}.Debug|Any CPU.ActiveCfg = Debug|Any CPU
		{71544A25-F077-4A26-8701-7CD6F19A287D}.Debug|Any CPU.Build.0 = Debug|Any CPU
		{71544A25-F077-4A26-8701-7CD6F19A287D}.Release|Any CPU.ActiveCfg = Release|Any CPU
		{71544A25-F077-4A26-8701-7CD6F19A287D}.Release|Any CPU.Build.0 = Release|Any CPU
	EndGlobalSection
	GlobalSection(SolutionProperties) = preSolution
		HideSolutionNode = FALSE
	EndGlobalSection
	GlobalSection(ExtensibilityGlobals) = postSolution
		SolutionGuid = {7CBA87AB-0147-42D2-A0F7-9C640F7D4E00}
	EndGlobalSection
EndGlobal
